
Microsoft Visual Studio Solution File, Format Version 12.00
# Visual Studio Version 17
VisualStudioVersion = 17.6.33829.357
MinimumVisualStudioVersion = 10.0.40219.1
Project("{FAE04EC0-301F-11D3-BF4B-00C04F79EFBC}") = "MVCtip", "MVCtip\MVCtip.csproj", "{F08EBEF4-3A4C-4BEA-987A-365008836934}"
EndProject
Global
	GlobalSection(SolutionConfigurationPlatforms) = preSolution
		Debug|Any CPU = Debug|Any CPU
		Release|Any CPU = Release|Any CPU
	EndGlobalSection
	GlobalSection(ProjectConfigurationPlatforms) = postSolution
		{F08EBEF4-3A4C-4BEA-987A-365008836934}.Debug|Any CPU.ActiveCfg = Debug|Any CPU
		{F08EBEF4-3A4C-4BEA-987A-365008836934}.Debug|Any CPU.Build.0 = Debug|Any CPU
		{F08EBEF4-3A4C-4BEA-987A-365008836934}.Release|Any CPU.ActiveCfg = Release|Any CPU
		{F08EBEF4-3A4C-4BEA-987A-365008836934}.Release|Any CPU.Build.0 = Release|Any CPU
	EndGlobalSection
	GlobalSection(SolutionProperties) = preSolution
		HideSolutionNode = FALSE
	EndGlobalSection
	GlobalSection(ExtensibilityGlobals) = postSolution
		SolutionGuid = {12C07A04-EB19-46C6-8963-D9C33EC05072}
	EndGlobalSection
EndGlobal
